
Microsoft Visual Studio Solution File, Format Version 12.00
# Visual Studio 15
VisualStudioVersion = 15.0.26730.12
MinimumVisualStudioVersion = 10.0.40219.1
Project("{FAE04EC0-301F-11D3-BF4B-00C04F79EFBC}") = "Another Hello world App", "Another Hello world App\Another Hello world App.csproj", "{83BF6646-8B91-4837-81BE-0CB5B6D36102}"
EndProject
Global
	GlobalSection(SolutionConfigurationPlatforms) = preSolution
		Debug|Any CPU = Debug|Any CPU
		Release|Any CPU = Release|Any CPU
	EndGlobalSection
	GlobalSection(ProjectConfigurationPlatforms) = postSolution
		{83BF6646-8B91-4837-81BE-0CB5B6D36102}.Debug|Any CPU.ActiveCfg = Debug|Any CPU
		{83BF6646-8B91-4837-81BE-0CB5B6D36102}.Debug|Any CPU.Build.0 = Debug|Any CPU
		{83BF6646-8B91-4837-81BE-0CB5B6D36102}.Release|Any CPU.ActiveCfg = Release|Any CPU
		{83BF6646-8B91-4837-81BE-0CB5B6D36102}.Release|Any CPU.Build.0 = Release|Any CPU
	EndGlobalSection
	GlobalSection(SolutionProperties) = preSolution
		HideSolutionNode = FALSE
	EndGlobalSection
	GlobalSection(ExtensibilityGlobals) = postSolution
		SolutionGuid = {81E8C039-44DD-4EFF-9331-DA5B121E88FC}
	EndGlobalSection
EndGlobal
